{
  "name": "stencil",
  "version": "1.0.0",
  "lockfileVersion": 3,
  "requires": true,
  "packages": {
    "": {
      "name": "stencil",
      "version": "1.0.0",
      "license": "MIT",
      "dependencies": {
        "bun": "^1.0.30",
        "tsc": "^2.0.4",
        "tslib": "^2.6.2"
      }
    },
    "node_modules/@oven/bun-darwin-aarch64": {
      "version": "1.0.30",
      "resolved": "https://registry.npmjs.org/@oven/bun-darwin-aarch64/-/bun-darwin-aarch64-1.0.30.tgz",
      "integrity": "sha512-QEFQeWUunInL45YQFNOUR0misGKGYzDcnfepXcpIT4dFhEezmUWnThfhybBAauixiMdV/1JSQIPD7Flq/1PanQ==",
      "cpu": [
        "arm64"
      ],
      "optional": true,
      "os": [
        "darwin"
      ]
    },
    "node_modules/@oven/bun-darwin-x64": {
      "version": "1.0.30",
      "resolved": "https://registry.npmjs.org/@oven/bun-darwin-x64/-/bun-darwin-x64-1.0.30.tgz",
      "integrity": "sha512-m3pSNGgmG1CSZsERelpq1ILYBXQRjpWamC/lJoirBfSqWJLILT5vYI98meWlaJt4a80zoIP8IrwL+LymHt8btw==",
      "cpu": [
        "x64"
      ],
      "optional": true,
      "os": [
        "darwin"
      ]
    },
    "node_modules/@oven/bun-darwin-x64-baseline": {
      "version": "1.0.30",
      "resolved": "https://registry.npmjs.org/@oven/bun-darwin-x64-baseline/-/bun-darwin-x64-baseline-1.0.30.tgz",
      "integrity": "sha512-hx32GA5bMJdOK8WlioiaFjx1vr6ZDBgi4sg50cCJmoK0grg5yNVcOlmRz8g6Q5ngfR8dKC61R7B++hnZtOpTHw==",
      "cpu": [
        "x64"
      ],
      "optional": true,
      "os": [
        "darwin"
      ]
    },
    "node_modules/@oven/bun-linux-aarch64": {
      "version": "1.0.30",
      "resolved": "https://registry.npmjs.org/@oven/bun-linux-aarch64/-/bun-linux-aarch64-1.0.30.tgz",
      "integrity": "sha512-32AbJ9Jt2sPNBS27QeWkn4MBYBXY0VqkRnh6M41i70I+IvjUj3vdZMMtushOxYdnlPzn+zv7J+JzyeYydvNJcw==",
      "cpu": [
        "arm64"
      ],
      "optional": true,
      "os": [
        "linux"
      ]
    },
    "node_modules/@oven/bun-linux-x64": {
      "version": "1.0.30",
      "resolved": "https://registry.npmjs.org/@oven/bun-linux-x64/-/bun-linux-x64-1.0.30.tgz",
      "integrity": "sha512-/8e3xDlaFh1AIpwshnau6+ecrIyLD1U85EqohuSFm8guQ/9aoQ/luxr/V+ujfJHay7taImL3mPXHORL7HYVIoA==",
      "cpu": [
        "x64"
      ],
      "optional": true,
      "os": [
        "linux"
      ]
    },
    "node_modules/@oven/bun-linux-x64-baseline": {
      "version": "1.0.30",
      "resolved": "https://registry.npmjs.org/@oven/bun-linux-x64-baseline/-/bun-linux-x64-baseline-1.0.30.tgz",
      "integrity": "sha512-dGrT4FJE5GCLPm23drSMHBDzmpwwAkRJLKhfAk0yRGbPcCJqwaBjZpcNuiEyD0ESkiFFRE8aLstOEVhxxjsI0A==",
      "cpu": [
        "x64"
      ],
      "optional": true,
      "os": [
        "linux"
      ]
    },
    "node_modules/bun": {
      "version": "1.0.30",
      "resolved": "https://registry.npmjs.org/bun/-/bun-1.0.30.tgz",
      "integrity": "sha512-E83G/1f0VjJFmud3899lJ6eWKH4kzHKLrvP7DvwkSnV4Aou5p/JvLinHWNTyRl0yyWytAv+rMdsTgJaRbmw8tA==",
      "cpu": [
        "arm64",
        "x64"
      ],
      "hasInstallScript": true,
      "os": [
        "darwin",
        "linux"
      ],
      "bin": {
        "bun": "bin/bun",
        "bunx": "bin/bun"
      },
      "optionalDependencies": {
        "@oven/bun-darwin-aarch64": "1.0.30",
        "@oven/bun-darwin-x64": "1.0.30",
        "@oven/bun-darwin-x64-baseline": "1.0.30",
        "@oven/bun-linux-aarch64": "1.0.30",
        "@oven/bun-linux-x64": "1.0.30",
        "@oven/bun-linux-x64-baseline": "1.0.30"
      }
    },
    "node_modules/tsc": {
      "version": "2.0.4",
      "resolved": "https://registry.npmjs.org/tsc/-/tsc-2.0.4.tgz",
      "integrity": "sha512-fzoSieZI5KKJVBYGvwbVZs/J5za84f2lSTLPYf6AGiIf43tZ3GNrI1QzTLcjtyDDP4aLxd46RTZq1nQxe7+k5Q==",
      "bin": {
        "tsc": "bin/tsc"
      }
    },
    "node_modules/tslib": {
      "version": "2.6.2",
      "resolved": "https://registry.npmjs.org/tslib/-/tslib-2.6.2.tgz",
      "integrity": "sha512-AEYxH93jGFPn/a2iVAwW87VuUIkR1FVUKB77NwMF7nBTDkDrrT/Hpt/IrCJ0QXhW27jTBDcf5ZY7w6RiqTMw2Q=="
    }
  }
}
